
Microsoft Visual Studio Solution File, Format Version 12.00
# Visual Studio Version 17
VisualStudioVersion = 17.5.33627.172
MinimumVisualStudioVersion = 10.0.40219.1
Project("{9A19103F-16F7-4668-BE54-9A1E7A4F7556}") = "BlogApi", "BlogApi\BlogApi.csproj", "{1C0EB9E1-8EEE-4EC2-9AE3-3A55C03FFCBB}"
EndProject
Global
	GlobalSection(SolutionConfigurationPlatforms) = preSolution
		Debug|Any CPU = Debug|Any CPU
		Release|Any CPU = Release|Any CPU
	EndGlobalSection
	GlobalSection(ProjectConfigurationPlatforms) = postSolution
		{1C0EB9E1-8EEE-4EC2-9AE3-3A55C03FFCBB}.Debug|Any CPU.ActiveCfg = Debug|Any CPU
		{1C0EB9E1-8EEE-4EC2-9AE3-3A55C03FFCBB}.Debug|Any CPU.Build.0 = Debug|Any CPU
		{1C0EB9E1-8EEE-4EC2-9AE3-3A55C03FFCBB}.Release|Any CPU.ActiveCfg = Release|Any CPU
		{1C0EB9E1-8EEE-4EC2-9AE3-3A55C03FFCBB}.Release|Any CPU.Build.0 = Release|Any CPU
	EndGlobalSection
	GlobalSection(SolutionProperties) = preSolution
		HideSolutionNode = FALSE
	EndGlobalSection
	GlobalSection(ExtensibilityGlobals) = postSolution
		SolutionGuid = {EAD02496-4195-4C6B-886A-67490A5CDEA2}
	EndGlobalSection
EndGlobal
